{
  "nodes": {
    "mediaplayer": {
      "inputs": {
        "nixpkgs": [
          "nixpkgs"
        ]
      },
      "locked": {
        "lastModified": 1728746772,
        "narHash": "sha256-kRmNmXVXsAToYJuYhI1fhP9muZ0EUhGFZaahLvnUP1M=",
        "owner": "nomisreual",
        "repo": "mediaplayer",
        "rev": "6de30dedf364762b44070bdc456dfce691ee392e",
        "type": "github"
      },
      "original": {
        "owner": "nomisreual",
        "repo": "mediaplayer",
        "type": "github"
      }
    },
    "nixpkgs": {
      "locked": {
        "lastModified": 1728018373,
        "narHash": "sha256-NOiTvBbRLIOe5F6RbHaAh6++BNjsb149fGZd1T4+KBg=",
        "owner": "NixOS",
        "repo": "nixpkgs",
        "rev": "bc947f541ae55e999ffdb4013441347d83b00feb",
        "type": "github"
      },
      "original": {
        "owner": "NixOS",
        "ref": "nixos-unstable",
        "repo": "nixpkgs",
        "type": "github"
      }
    },
    "root": {
      "inputs": {
        "mediaplayer": "mediaplayer",
        "nixpkgs": "nixpkgs"
      }
    }
  },
  "root": "root",
  "version": 7
}
