{
  "nodes": {
    "cadquery": {
      "inputs": {
        "cadquery-src": "cadquery-src",
        "cq-editor-src": "cq-editor-src",
        "flake-utils": "flake-utils",
        "nixpkgs": "nixpkgs",
        "ocp-src": "ocp-src",
        "ocp-stubs-src": "ocp-stubs-src",
        "pybind11-stubgen-src": "pybind11-stubgen-src",
        "pywrap-src": "pywrap-src"
      },
      "locked": {
        "lastModified": 1736080574,
        "narHash": "sha256-aogNaB3Cpl9Rcuy2PT6mschPlbIkKTkPUBeLfp1CIkA=",
        "owner": "marcus7070",
        "repo": "cq-flake",
        "rev": "de4b29ee5cf2fdd2a8ba97010442511e162b6041",
        "type": "github"
      },
      "original": {
        "owner": "marcus7070",
        "repo": "cq-flake",
        "type": "github"
      }
    },
    "cadquery-src": {
      "flake": false,
      "locked": {
        "lastModified": 1705326221,
        "narHash": "sha256-f/qnq5g4FOiit9WQ7zs0axCJBITcAtqF18txMV97Gb8=",
        "owner": "CadQuery",
        "repo": "cadquery",
        "rev": "c44978d60cee2d61bdadf4cb4498286b7034b4c6",
        "type": "github"
      },
      "original": {
        "owner": "CadQuery",
        "ref": "2.4.0",
        "repo": "cadquery",
        "type": "github"
      }
    },
    "cq-editor-src": {
      "flake": false,
      "locked": {
        "lastModified": 1701895648,
        "narHash": "sha256-mHXEaA6vphps6F0WemdB6fGRY4lzpcxLU7WuYEp8c20=",
        "owner": "CadQuery",
        "repo": "CQ-editor",
        "rev": "4ef178af06d24a53fee87d576f8cada14c0111a3",
        "type": "github"
      },
      "original": {
        "owner": "CadQuery",
        "repo": "CQ-editor",
        "rev": "4ef178af06d24a53fee87d576f8cada14c0111a3",
        "type": "github"
      }
    },
    "flake-compat": {
      "flake": false,
      "locked": {
        "lastModified": 1733328505,
        "narHash": "sha256-NeCCThCEP3eCl2l/+27kNNK7QrwZB1IJCrXfrbv5oqU=",
        "owner": "edolstra",
        "repo": "flake-compat",
        "rev": "ff81ac966bb2cae68946d5ed5fc4994f96d0ffec",
        "type": "github"
      },
      "original": {
        "owner": "edolstra",
        "repo": "flake-compat",
        "type": "github"
      }
    },
    "flake-utils": {
      "inputs": {
        "systems": "systems"
      },
      "locked": {
        "lastModified": 1731533236,
        "narHash": "sha256-l0KFg5HjrsfsO/JpG+r7fRrqm12kzFHyUHqHCVpMMbI=",
        "owner": "numtide",
        "repo": "flake-utils",
        "rev": "11707dc2f618dd54ca8739b309ec4fc024de578b",
        "type": "github"
      },
      "original": {
        "owner": "numtide",
        "repo": "flake-utils",
        "type": "github"
      }
    },
    "flake-utils_2": {
      "inputs": {
        "systems": "systems_2"
      },
      "locked": {
        "lastModified": 1731533236,
        "narHash": "sha256-l0KFg5HjrsfsO/JpG+r7fRrqm12kzFHyUHqHCVpMMbI=",
        "owner": "numtide",
        "repo": "flake-utils",
        "rev": "11707dc2f618dd54ca8739b309ec4fc024de578b",
        "type": "github"
      },
      "original": {
        "owner": "numtide",
        "repo": "flake-utils",
        "type": "github"
      }
    },
    "ghostty": {
      "inputs": {
        "flake-compat": "flake-compat",
        "flake-utils": "flake-utils_2",
        "nixpkgs-stable": "nixpkgs-stable",
        "nixpkgs-unstable": "nixpkgs-unstable",
        "zig": "zig",
        "zig2nix": "zig2nix"
      },
      "locked": {
        "lastModified": 1740954062,
        "narHash": "sha256-VVsSwi1sTVCL0fijNHqw1hv/546acgxxrTAChl/K254=",
        "owner": "ghostty-org",
        "repo": "ghostty",
        "rev": "ee8ae196ee0fad3824c7ae9eac947f2128b4ae4f",
        "type": "github"
      },
      "original": {
        "owner": "ghostty-org",
        "repo": "ghostty",
        "type": "github"
      }
    },
    "home-manager": {
      "inputs": {
        "nixpkgs": [
          "nixpkgs"
        ]
      },
      "locked": {
        "lastModified": 1741056285,
        "narHash": "sha256-/JKDMVqq8PIqcGonBVKbKq1SooV3kzGmv+cp3rKAgPA=",
        "owner": "nix-community",
        "repo": "home-manager",
        "rev": "70fbbf05a5594b0a72124ab211bff1d502c89e3f",
        "type": "github"
      },
      "original": {
        "owner": "nix-community",
        "repo": "home-manager",
        "type": "github"
      }
    },
    "mediaplayer": {
      "inputs": {
        "nixpkgs": [
          "nixpkgs"
        ]
      },
      "locked": {
        "lastModified": 1728746772,
        "narHash": "sha256-kRmNmXVXsAToYJuYhI1fhP9muZ0EUhGFZaahLvnUP1M=",
        "owner": "nomisreual",
        "repo": "mediaplayer",
        "rev": "6de30dedf364762b44070bdc456dfce691ee392e",
        "type": "github"
      },
      "original": {
        "owner": "nomisreual",
        "repo": "mediaplayer",
        "type": "github"
      }
    },
    "nixpkgs": {
      "locked": {
        "lastModified": 1732837521,
        "narHash": "sha256-jNRNr49UiuIwaarqijgdTR2qLPifxsVhlJrKzQ8XUIE=",
        "owner": "NixOS",
        "repo": "nixpkgs",
        "rev": "970e93b9f82e2a0f3675757eb0bfc73297cc6370",
        "type": "github"
      },
      "original": {
        "owner": "NixOS",
        "ref": "nixos-unstable",
        "repo": "nixpkgs",
        "type": "github"
      }
    },
    "nixpkgs-stable": {
      "locked": {
        "lastModified": 1738255539,
        "narHash": "sha256-hP2eOqhIO/OILW+3moNWO4GtdJFYCqAe9yJZgvlCoDQ=",
        "owner": "nixos",
        "repo": "nixpkgs",
        "rev": "c3511a3b53b482aa7547c9d1626fd7310c1de1c5",
        "type": "github"
      },
      "original": {
        "owner": "nixos",
        "ref": "release-24.11",
        "repo": "nixpkgs",
        "type": "github"
      }
    },
    "nixpkgs-unstable": {
      "locked": {
        "lastModified": 1738136902,
        "narHash": "sha256-pUvLijVGARw4u793APze3j6mU1Zwdtz7hGkGGkD87qw=",
        "owner": "nixos",
        "repo": "nixpkgs",
        "rev": "9a5db3142ce450045840cc8d832b13b8a2018e0c",
        "type": "github"
      },
      "original": {
        "owner": "nixos",
        "ref": "nixpkgs-unstable",
        "repo": "nixpkgs",
        "type": "github"
      }
    },
    "nixpkgs_2": {
      "locked": {
        "lastModified": 1741010256,
        "narHash": "sha256-WZNlK/KX7Sni0RyqLSqLPbK8k08Kq7H7RijPJbq9KHM=",
        "owner": "NixOS",
        "repo": "nixpkgs",
        "rev": "ba487dbc9d04e0634c64e3b1f0d25839a0a68246",
        "type": "github"
      },
      "original": {
        "owner": "NixOS",
        "ref": "nixos-unstable",
        "repo": "nixpkgs",
        "type": "github"
      }
    },
    "ocp-src": {
      "flake": false,
      "locked": {
        "lastModified": 1701196143,
        "narHash": "sha256-PMkMYEVBHt0i7ahgqF8jLhHHp7IRS7hd+JyydovNJ4A=",
        "owner": "cadquery",
        "repo": "ocp",
        "rev": "4b98a5dc79fa900f7429975708f6a8c2e41cecd1",
        "type": "github"
      },
      "original": {
        "owner": "cadquery",
        "repo": "ocp",
        "rev": "4b98a5dc79fa900f7429975708f6a8c2e41cecd1",
        "type": "github"
      }
    },
    "ocp-stubs-src": {
      "flake": false,
      "locked": {
        "lastModified": 1672527176,
        "narHash": "sha256-m9Rg36GYlYfwEfF0PQJWEXf8TyM5HmjeuhJCODiurvY=",
        "owner": "cadquery",
        "repo": "ocp-stubs",
        "rev": "e838ff400d5ee2f4a0579d2a713b19311855288f",
        "type": "github"
      },
      "original": {
        "owner": "cadquery",
        "repo": "ocp-stubs",
        "type": "github"
      }
    },
    "pybind11-stubgen-src": {
      "flake": false,
      "locked": {
        "lastModified": 1700678104,
        "narHash": "sha256-76u1GcHPPh8oYQeQZDJ4K/so0U7F6rznZ1xa6syqI9s=",
        "owner": "CadQuery",
        "repo": "pybind11-stubgen",
        "rev": "6dc681d838d3ec9a8a9aa4260c8392d3fb700ff0",
        "type": "github"
      },
      "original": {
        "owner": "CadQuery",
        "repo": "pybind11-stubgen",
        "type": "github"
      }
    },
    "pywrap-src": {
      "flake": false,
      "locked": {
        "lastModified": 1725727761,
        "narHash": "sha256-2uamlqYflZ3nuiaWVcZCwgwoLy7dLN7FXJWAijuNq3A=",
        "owner": "CadQuery",
        "repo": "pywrap",
        "rev": "6cbeb64e9695703c56bb6309a8351886accdeeb0",
        "type": "github"
      },
      "original": {
        "owner": "CadQuery",
        "repo": "pywrap",
        "type": "github"
      }
    },
    "root": {
      "inputs": {
        "cadquery": "cadquery",
        "ghostty": "ghostty",
        "home-manager": "home-manager",
        "mediaplayer": "mediaplayer",
        "nixpkgs": "nixpkgs_2"
      }
    },
    "systems": {
      "locked": {
        "lastModified": 1681028828,
        "narHash": "sha256-Vy1rq5AaRuLzOxct8nz4T6wlgyUR7zLU309k9mBC768=",
        "owner": "nix-systems",
        "repo": "default",
        "rev": "da67096a3b9bf56a91d16901293e51ba5b49a27e",
        "type": "github"
      },
      "original": {
        "owner": "nix-systems",
        "repo": "default",
        "type": "github"
      }
    },
    "systems_2": {
      "locked": {
        "lastModified": 1681028828,
        "narHash": "sha256-Vy1rq5AaRuLzOxct8nz4T6wlgyUR7zLU309k9mBC768=",
        "owner": "nix-systems",
        "repo": "default",
        "rev": "da67096a3b9bf56a91d16901293e51ba5b49a27e",
        "type": "github"
      },
      "original": {
        "owner": "nix-systems",
        "repo": "default",
        "type": "github"
      }
    },
    "zig": {
      "inputs": {
        "flake-compat": [
          "ghostty"
        ],
        "flake-utils": [
          "ghostty",
          "flake-utils"
        ],
        "nixpkgs": [
          "ghostty",
          "nixpkgs-stable"
        ]
      },
      "locked": {
        "lastModified": 1738239110,
        "narHash": "sha256-Y5i9mQ++dyIQr+zEPNy+KIbc5wjPmfllBrag3cHZgcE=",
        "owner": "mitchellh",
        "repo": "zig-overlay",
        "rev": "1a8fb6f3a04724519436355564b95fce5e272504",
        "type": "github"
      },
      "original": {
        "owner": "mitchellh",
        "repo": "zig-overlay",
        "type": "github"
      }
    },
    "zig2nix": {
      "inputs": {
        "flake-utils": [
          "ghostty",
          "flake-utils"
        ],
        "nixpkgs": [
          "ghostty",
          "nixpkgs-stable"
        ]
      },
      "locked": {
        "lastModified": 1738263917,
        "narHash": "sha256-j/3fwe2pEOquHabP/puljOKwAZFjIE9gXZqA91sC48M=",
        "owner": "jcollie",
        "repo": "zig2nix",
        "rev": "c311d8e77a6ee0d995f40a6e10a89a3a4ab04f9a",
        "type": "github"
      },
      "original": {
        "owner": "jcollie",
        "ref": "c311d8e77a6ee0d995f40a6e10a89a3a4ab04f9a",
        "repo": "zig2nix",
        "type": "github"
      }
    }
  },
  "root": "root",
  "version": 7
}
